
Microsoft Visual Studio Solution File, Format Version 12.00
# Visual Studio Version 16
VisualStudioVersion = 16.0.31702.278
MinimumVisualStudioVersion = 10.0.40219.1
Project("{9A19103F-16F7-4668-BE54-9A1E7A4F7556}") = "Metodos", "Metodos.csproj", "{BB09D9F2-417C-40AE-8897-2B092170B545}"
EndProject
Global
	GlobalSection(SolutionConfigurationPlatforms) = preSolution
		Debug|Any CPU = Debug|Any CPU
		Release|Any CPU = Release|Any CPU
	EndGlobalSection
	GlobalSection(ProjectConfigurationPlatforms) = postSolution
		{BB09D9F2-417C-40AE-8897-2B092170B545}.Debug|Any CPU.ActiveCfg = Debug|Any CPU
		{BB09D9F2-417C-40AE-8897-2B092170B545}.Debug|Any CPU.Build.0 = Debug|Any CPU
		{BB09D9F2-417C-40AE-8897-2B092170B545}.Release|Any CPU.ActiveCfg = Release|Any CPU
		{BB09D9F2-417C-40AE-8897-2B092170B545}.Release|Any CPU.Build.0 = Release|Any CPU
	EndGlobalSection
	GlobalSection(SolutionProperties) = preSolution
		HideSolutionNode = FALSE
	EndGlobalSection
	GlobalSection(ExtensibilityGlobals) = postSolution
		SolutionGuid = {BB7E64F0-1B54-4940-8E48-85A286B0B0A3}
	EndGlobalSection
EndGlobal
